schema: '2.0'
stages:
  data_ingestion:
    cmd: python src/data/data_ingestion.py
    deps:
    - path: src/data/data_ingestion.py
      hash: md5
      md5: 0cd13358cc342d5ce6e0a1c4f1029faf
      size: 2206
    outs:
    - path: data/raw/train.parquet
      hash: md5
      md5: 8555aa6227b2f33d59e33677a28d2cff
      size: 60224
  feature_transformation:
    cmd: python src/features/feature_transformation.py
    deps:
    - path: data/raw/train.parquet
      hash: md5
      md5: 8555aa6227b2f33d59e33677a28d2cff
      size: 60224
    - path: params.yaml
      hash: md5
      md5: 054d88c95c565fc236d24ee7cc234fdd
      size: 222
    - path: src/features/feature_transformation.py
      hash: md5
      md5: 1fb58b180c3343f7f7d3187d841df379
      size: 5395
    outs:
    - path: models/encoder.joblib
      hash: md5
      md5: 7140bb6cdd4c086527838c5b797c1e2d
      size: 965
  train_model:
    cmd: python src/models/train_model.py
    deps:
    - path: data/processed/train_processed.parquet
      hash: md5
      md5: fc33597bc2dc4958b70f907a75226cbd
      size: 42128
    - path: data/raw/train.parquet
      hash: md5
      md5: b8ea92675da0121a49eed3063daf71be
      size: 57101
    - path: models/encoder.joblib
      hash: md5
      md5: 27c9e4b5f969e41188edea65f7205172
      size: 31573
    - path: params.yaml
      hash: md5
      md5: 054d88c95c565fc236d24ee7cc234fdd
      size: 222
    - path: src/models/train_model.py
      hash: md5
      md5: aa2a963b0a8d4daaa8f0785bf4410dc7
      size: 6351
    outs:
    - path: models/prediction_pipe.joblib
      hash: md5
      md5: 607c4d5a9c67b395265f8dd1f407b71e
      size: 2196209
    - path: reports/run_info.json
      hash: md5
      md5: a60c86f1fa632f95b2115e5a0040a0d6
      size: 69
  register_model:
    cmd: python src/registry/register_model.py
    deps:
    - path: reports/run_info.json
      hash: md5
      md5: a60c86f1fa632f95b2115e5a0040a0d6
      size: 69
    - path: src/registry/register_model.py
      hash: md5
      md5: 7075b02dc67138dc3da15c27c4739180
      size: 2420
